
Microsoft Visual Studio Solution File, Format Version 12.00
# Visual Studio for Mac
Project("{FAE04EC0-301F-11D3-BF4B-00C04F79EFBC}") = "Assembly-CSharp", "Assembly-CSharp.csproj", "{A88FA4ED-6EA7-367D-4906-2D7BE2DE803D}"
EndProject
Project("{FAE04EC0-301F-11D3-BF4B-00C04F79EFBC}") = "Assembly-CSharp-Editor", "Assembly-CSharp-Editor.csproj", "{58269670-61D3-EE06-5BC7-312A34C9FA5C}"
EndProject
Global
	GlobalSection(SolutionConfigurationPlatforms) = preSolution
		Debug|Any CPU = Debug|Any CPU
		Release|Any CPU = Release|Any CPU
	EndGlobalSection
	GlobalSection(ProjectConfigurationPlatforms) = postSolution
		{A88FA4ED-6EA7-367D-4906-2D7BE2DE803D}.Debug|Any CPU.ActiveCfg = Debug|Any CPU
		{A88FA4ED-6EA7-367D-4906-2D7BE2DE803D}.Debug|Any CPU.Build.0 = Debug|Any CPU
		{A88FA4ED-6EA7-367D-4906-2D7BE2DE803D}.Release|Any CPU.ActiveCfg = Release|Any CPU
		{A88FA4ED-6EA7-367D-4906-2D7BE2DE803D}.Release|Any CPU.Build.0 = Release|Any CPU
		{58269670-61D3-EE06-5BC7-312A34C9FA5C}.Debug|Any CPU.ActiveCfg = Debug|Any CPU
		{58269670-61D3-EE06-5BC7-312A34C9FA5C}.Debug|Any CPU.Build.0 = Debug|Any CPU
		{58269670-61D3-EE06-5BC7-312A34C9FA5C}.Release|Any CPU.ActiveCfg = Release|Any CPU
		{58269670-61D3-EE06-5BC7-312A34C9FA5C}.Release|Any CPU.Build.0 = Release|Any CPU
	EndGlobalSection
	GlobalSection(SolutionProperties) = preSolution
		HideSolutionNode = FALSE
	EndGlobalSection
EndGlobal
